
Microsoft Visual Studio Solution File, Format Version 12.00
# Visual Studio Version 17
VisualStudioVersion = 17.3.32825.248
MinimumVisualStudioVersion = 10.0.40219.1
Project("{9A19103F-16F7-4668-BE54-9A1E7A4F7556}") = "EYE.WEB", "Empaque-y-embarque.WEB\EYE.WEB.csproj", "{4489BE11-083E-47A0-ADAA-A912E10069D4}"
EndProject
Project("{9A19103F-16F7-4668-BE54-9A1E7A4F7556}") = "EYE.Core", "EYE.Core\EYE.Core.csproj", "{552E09BB-EDA9-436B-9B11-D2197822215E}"
EndProject
Project("{9A19103F-16F7-4668-BE54-9A1E7A4F7556}") = "EYE.Servicio", "EYE.Servicio\EYE.Servicio.csproj", "{02F5A711-1B01-40D4-BB07-4FBFD90F1895}"
EndProject
Project("{9A19103F-16F7-4668-BE54-9A1E7A4F7556}") = "SAT.Data", "..\SAT\SAT.Data\SAT.Data.csproj", "{913815D9-039E-4EC5-A6F2-FDC5B96ACBB0}"
EndProject
Project("{9A19103F-16F7-4668-BE54-9A1E7A4F7556}") = "Seguridad", "..\Seguridad\Seguridad.csproj", "{751FE176-18AB-4511-B516-D02D6AF2C87C}"
EndProject
Project("{9A19103F-16F7-4668-BE54-9A1E7A4F7556}") = "Facturacion.Servicio", "..\Facturacion\Facturacion.Servicio\Facturacion.Servicio.csproj", "{BA1B66A2-456B-4EC7-B235-F2812C7CCD3C}"
EndProject
Global
	GlobalSection(SolutionConfigurationPlatforms) = preSolution
		Debug|Any CPU = Debug|Any CPU
		Release|Any CPU = Release|Any CPU
	EndGlobalSection
	GlobalSection(ProjectConfigurationPlatforms) = postSolution
		{4489BE11-083E-47A0-ADAA-A912E10069D4}.Debug|Any CPU.ActiveCfg = Debug|Any CPU
		{4489BE11-083E-47A0-ADAA-A912E10069D4}.Debug|Any CPU.Build.0 = Debug|Any CPU
		{4489BE11-083E-47A0-ADAA-A912E10069D4}.Release|Any CPU.ActiveCfg = Release|Any CPU
		{4489BE11-083E-47A0-ADAA-A912E10069D4}.Release|Any CPU.Build.0 = Release|Any CPU
		{552E09BB-EDA9-436B-9B11-D2197822215E}.Debug|Any CPU.ActiveCfg = Debug|Any CPU
		{552E09BB-EDA9-436B-9B11-D2197822215E}.Debug|Any CPU.Build.0 = Debug|Any CPU
		{552E09BB-EDA9-436B-9B11-D2197822215E}.Release|Any CPU.ActiveCfg = Release|Any CPU
		{552E09BB-EDA9-436B-9B11-D2197822215E}.Release|Any CPU.Build.0 = Release|Any CPU
		{02F5A711-1B01-40D4-BB07-4FBFD90F1895}.Debug|Any CPU.ActiveCfg = Debug|Any CPU
		{02F5A711-1B01-40D4-BB07-4FBFD90F1895}.Debug|Any CPU.Build.0 = Debug|Any CPU
		{02F5A711-1B01-40D4-BB07-4FBFD90F1895}.Release|Any CPU.ActiveCfg = Release|Any CPU
		{02F5A711-1B01-40D4-BB07-4FBFD90F1895}.Release|Any CPU.Build.0 = Release|Any CPU
		{913815D9-039E-4EC5-A6F2-FDC5B96ACBB0}.Debug|Any CPU.ActiveCfg = Debug|Any CPU
		{913815D9-039E-4EC5-A6F2-FDC5B96ACBB0}.Debug|Any CPU.Build.0 = Debug|Any CPU
		{913815D9-039E-4EC5-A6F2-FDC5B96ACBB0}.Release|Any CPU.ActiveCfg = Release|Any CPU
		{913815D9-039E-4EC5-A6F2-FDC5B96ACBB0}.Release|Any CPU.Build.0 = Release|Any CPU
		{751FE176-18AB-4511-B516-D02D6AF2C87C}.Debug|Any CPU.ActiveCfg = Debug|Any CPU
		{751FE176-18AB-4511-B516-D02D6AF2C87C}.Debug|Any CPU.Build.0 = Debug|Any CPU
		{751FE176-18AB-4511-B516-D02D6AF2C87C}.Release|Any CPU.ActiveCfg = Release|Any CPU
		{751FE176-18AB-4511-B516-D02D6AF2C87C}.Release|Any CPU.Build.0 = Release|Any CPU
		{BA1B66A2-456B-4EC7-B235-F2812C7CCD3C}.Debug|Any CPU.ActiveCfg = Debug|Any CPU
		{BA1B66A2-456B-4EC7-B235-F2812C7CCD3C}.Debug|Any CPU.Build.0 = Debug|Any CPU
		{BA1B66A2-456B-4EC7-B235-F2812C7CCD3C}.Release|Any CPU.ActiveCfg = Release|Any CPU
		{BA1B66A2-456B-4EC7-B235-F2812C7CCD3C}.Release|Any CPU.Build.0 = Release|Any CPU
	EndGlobalSection
	GlobalSection(SolutionProperties) = preSolution
		HideSolutionNode = FALSE
	EndGlobalSection
	GlobalSection(ExtensibilityGlobals) = postSolution
		SolutionGuid = {8FF34FA6-FF37-4F7F-BB10-A93F5FF8FFA9}
	EndGlobalSection
EndGlobal
